// !$*UTF8*$!
{
	archiveVersion = 1;
	classes = {
	};
	objectVersion = 51;
	objects = {

/* Begin PBXBuildFile section */
		0488F54FB7F718A6CD458AAE /* Pods_SwipeMatchFirestore.framework in Frameworks */ = {isa = PBXBuildFile; fileRef = 3EE0F3FE48BE086B3DE6B064 /* Pods_SwipeMatchFirestore.framework */; };
		181053AB46E7ABA4DF5C4F7A /* Pods_SwipeMatchFirestoreUITests.framework in Frameworks */ = {isa = PBXBuildFile; fileRef = 0715015DFFEEF46FF8559ECF /* Pods_SwipeMatchFirestoreUITests.framework */; };
		44441DB822BA790A005960B6 /* AppDelegate.swift in Sources */ = {isa = PBXBuildFile; fileRef = 44441DB722BA790A005960B6 /* AppDelegate.swift */; };
		44441DBA22BA790A005960B6 /* HomeController.swift in Sources */ = {isa = PBXBuildFile; fileRef = 44441DB922BA790A005960B6 /* HomeController.swift */; };
		44441DBD22BA790A005960B6 /* Main.storyboard in Resources */ = {isa = PBXBuildFile; fileRef = 44441DBB22BA790A005960B6 /* Main.storyboard */; };
		44441DBF22BA790B005960B6 /* Assets.xcassets in Resources */ = {isa = PBXBuildFile; fileRef = 44441DBE22BA790B005960B6 /* Assets.xcassets */; };
		44441DC222BA790B005960B6 /* LaunchScreen.storyboard in Resources */ = {isa = PBXBuildFile; fileRef = 44441DC022BA790B005960B6 /* LaunchScreen.storyboard */; };
		44441DCD22BA790B005960B6 /* SwipeMatchFirestoreTests.swift in Sources */ = {isa = PBXBuildFile; fileRef = 44441DCC22BA790B005960B6 /* SwipeMatchFirestoreTests.swift */; };
		44441DD822BA790B005960B6 /* SwipeMatchFirestoreUITests.swift in Sources */ = {isa = PBXBuildFile; fileRef = 44441DD722BA790B005960B6 /* SwipeMatchFirestoreUITests.swift */; };
		44441DE722BA7DBF005960B6 /* Extensions+UIView.swift in Sources */ = {isa = PBXBuildFile; fileRef = 44441DE622BA7DBF005960B6 /* Extensions+UIView.swift */; };
		44441DEC22BA8599005960B6 /* HomeBottomControlsStackView.swift in Sources */ = {isa = PBXBuildFile; fileRef = 44441DEB22BA8599005960B6 /* HomeBottomControlsStackView.swift */; };
		44441DEE22BA8BDC005960B6 /* TopNavigationStackView.swift in Sources */ = {isa = PBXBuildFile; fileRef = 44441DED22BA8BDC005960B6 /* TopNavigationStackView.swift */; };
		44441DF022BA9A2D005960B6 /* CardView.swift in Sources */ = {isa = PBXBuildFile; fileRef = 44441DEF22BA9A2D005960B6 /* CardView.swift */; };
		44441DF322BB8F8F005960B6 /* User.swift in Sources */ = {isa = PBXBuildFile; fileRef = 44441DF222BB8F8F005960B6 /* User.swift */; };
		44441DF822BBBEE4005960B6 /* CardViewModel.swift in Sources */ = {isa = PBXBuildFile; fileRef = 44441DF722BBBEE4005960B6 /* CardViewModel.swift */; };
		44441DFA22BBD89A005960B6 /* Advertiser.swift in Sources */ = {isa = PBXBuildFile; fileRef = 44441DF922BBD89A005960B6 /* Advertiser.swift */; };
		44441DFC22BCCB54005960B6 /* RegistrationController.swift in Sources */ = {isa = PBXBuildFile; fileRef = 44441DFB22BCCB54005960B6 /* RegistrationController.swift */; };
		44441DFE22BCD697005960B6 /* CustomTextField.swift in Sources */ = {isa = PBXBuildFile; fileRef = 44441DFD22BCD697005960B6 /* CustomTextField.swift */; };
		44441E0022BD3B6D005960B6 /* RegistrationViewModel.swift in Sources */ = {isa = PBXBuildFile; fileRef = 44441DFF22BD3B6D005960B6 /* RegistrationViewModel.swift */; };
		4460C40622C740380042AC61 /* AgeRangeCell.swift in Sources */ = {isa = PBXBuildFile; fileRef = 4460C40522C740380042AC61 /* AgeRangeCell.swift */; };
		4460C40822C78B920042AC61 /* Firebase+Utils.swift in Sources */ = {isa = PBXBuildFile; fileRef = 4460C40722C78B920042AC61 /* Firebase+Utils.swift */; };
		4460C40D22C7936A0042AC61 /* LoginViewModel.swift in Sources */ = {isa = PBXBuildFile; fileRef = 4460C40B22C7936A0042AC61 /* LoginViewModel.swift */; };
		4460C40E22C7936A0042AC61 /* LoginController.swift in Sources */ = {isa = PBXBuildFile; fileRef = 4460C40C22C7936A0042AC61 /* LoginController.swift */; };
		4460C41122C7BC810042AC61 /* UserDetailsController.swift in Sources */ = {isa = PBXBuildFile; fileRef = 4460C41022C7BC810042AC61 /* UserDetailsController.swift */; };
		447FEBCE22BE000B00CD2A4E /* Bindable.swift in Sources */ = {isa = PBXBuildFile; fileRef = 447FEBCD22BE000B00CD2A4E /* Bindable.swift */; };
		447FEBD022BF83C700CD2A4E /* GoogleService-Info.plist in Resources */ = {isa = PBXBuildFile; fileRef = 447FEBCF22BF83C700CD2A4E /* GoogleService-Info.plist */; };
		447FEBD222BF84C900CD2A4E /* SettingsController.swift in Sources */ = {isa = PBXBuildFile; fileRef = 447FEBD122BF84C900CD2A4E /* SettingsController.swift */; };
		44CD993422C2128400620E6D /* SettingsCell.swift in Sources */ = {isa = PBXBuildFile; fileRef = 44CD993322C2128400620E6D /* SettingsCell.swift */; };
		5B2F8160EBE208D9A87D9B94 /* Pods_SwipeMatchFirestoreTests.framework in Frameworks */ = {isa = PBXBuildFile; fileRef = 2AE54B90912240A8FE99287F /* Pods_SwipeMatchFirestoreTests.framework */; };
/* End PBXBuildFile section */

/* Begin PBXContainerItemProxy section */
		44441DC922BA790B005960B6 /* PBXContainerItemProxy */ = {
			isa = PBXContainerItemProxy;
			containerPortal = 44441DAC22BA790A005960B6 /* Project object */;
			proxyType = 1;
			remoteGlobalIDString = 44441DB322BA790A005960B6;
			remoteInfo = SwipeMatchFirestore;
		};
		44441DD422BA790B005960B6 /* PBXContainerItemProxy */ = {
			isa = PBXContainerItemProxy;
			containerPortal = 44441DAC22BA790A005960B6 /* Project object */;
			proxyType = 1;
			remoteGlobalIDString = 44441DB322BA790A005960B6;
			remoteInfo = SwipeMatchFirestore;
		};
/* End PBXContainerItemProxy section */

/* Begin PBXFileReference section */
		0715015DFFEEF46FF8559ECF /* Pods_SwipeMatchFirestoreUITests.framework */ = {isa = PBXFileReference; explicitFileType = wrapper.framework; includeInIndex = 0; path = Pods_SwipeMatchFirestoreUITests.framework; sourceTree = BUILT_PRODUCTS_DIR; };
		2AE54B90912240A8FE99287F /* Pods_SwipeMatchFirestoreTests.framework */ = {isa = PBXFileReference; explicitFileType = wrapper.framework; includeInIndex = 0; path = Pods_SwipeMatchFirestoreTests.framework; sourceTree = BUILT_PRODUCTS_DIR; };
		3EE0F3FE48BE086B3DE6B064 /* Pods_SwipeMatchFirestore.framework */ = {isa = PBXFileReference; explicitFileType = wrapper.framework; includeInIndex = 0; path = Pods_SwipeMatchFirestore.framework; sourceTree = BUILT_PRODUCTS_DIR; };
		44441DB422BA790A005960B6 /* SwipeMatchFirestore.app */ = {isa = PBXFileReference; explicitFileType = wrapper.application; includeInIndex = 0; path = SwipeMatchFirestore.app; sourceTree = BUILT_PRODUCTS_DIR; };
		44441DB722BA790A005960B6 /* AppDelegate.swift */ = {isa = PBXFileReference; lastKnownFileType = sourcecode.swift; path = AppDelegate.swift; sourceTree = "<group>"; };
		44441DB922BA790A005960B6 /* HomeController.swift */ = {isa = PBXFileReference; lastKnownFileType = sourcecode.swift; path = HomeController.swift; sourceTree = "<group>"; };
		44441DBC22BA790A005960B6 /* Base */ = {isa = PBXFileReference; lastKnownFileType = file.storyboard; name = Base; path = Base.lproj/Main.storyboard; sourceTree = "<group>"; };
		44441DBE22BA790B005960B6 /* Assets.xcassets */ = {isa = PBXFileReference; lastKnownFileType = folder.assetcatalog; path = Assets.xcassets; sourceTree = "<group>"; };
		44441DC122BA790B005960B6 /* Base */ = {isa = PBXFileReference; lastKnownFileType = file.storyboard; name = Base; path = Base.lproj/LaunchScreen.storyboard; sourceTree = "<group>"; };
		44441DC322BA790B005960B6 /* Info.plist */ = {isa = PBXFileReference; lastKnownFileType = text.plist.xml; path = Info.plist; sourceTree = "<group>"; };
		44441DC822BA790B005960B6 /* SwipeMatchFirestoreTests.xctest */ = {isa = PBXFileReference; explicitFileType = wrapper.cfbundle; includeInIndex = 0; path = SwipeMatchFirestoreTests.xctest; sourceTree = BUILT_PRODUCTS_DIR; };
		44441DCC22BA790B005960B6 /* SwipeMatchFirestoreTests.swift */ = {isa = PBXFileReference; lastKnownFileType = sourcecode.swift; path = SwipeMatchFirestoreTests.swift; sourceTree = "<group>"; };
		44441DCE22BA790B005960B6 /* Info.plist */ = {isa = PBXFileReference; lastKnownFileType = text.plist.xml; path = Info.plist; sourceTree = "<group>"; };
		44441DD322BA790B005960B6 /* SwipeMatchFirestoreUITests.xctest */ = {isa = PBXFileReference; explicitFileType = wrapper.cfbundle; includeInIndex = 0; path = SwipeMatchFirestoreUITests.xctest; sourceTree = BUILT_PRODUCTS_DIR; };
		44441DD722BA790B005960B6 /* SwipeMatchFirestoreUITests.swift */ = {isa = PBXFileReference; lastKnownFileType = sourcecode.swift; path = SwipeMatchFirestoreUITests.swift; sourceTree = "<group>"; };
		44441DD922BA790B005960B6 /* Info.plist */ = {isa = PBXFileReference; lastKnownFileType = text.plist.xml; path = Info.plist; sourceTree = "<group>"; };
		44441DE622BA7DBF005960B6 /* Extensions+UIView.swift */ = {isa = PBXFileReference; fileEncoding = 4; lastKnownFileType = sourcecode.swift; path = "Extensions+UIView.swift"; sourceTree = "<group>"; };
		44441DEB22BA8599005960B6 /* HomeBottomControlsStackView.swift */ = {isa = PBXFileReference; lastKnownFileType = sourcecode.swift; path = HomeBottomControlsStackView.swift; sourceTree = "<group>"; };
		44441DED22BA8BDC005960B6 /* TopNavigationStackView.swift */ = {isa = PBXFileReference; lastKnownFileType = sourcecode.swift; path = TopNavigationStackView.swift; sourceTree = "<group>"; };
		44441DEF22BA9A2D005960B6 /* CardView.swift */ = {isa = PBXFileReference; lastKnownFileType = sourcecode.swift; path = CardView.swift; sourceTree = "<group>"; };
		44441DF222BB8F8F005960B6 /* User.swift */ = {isa = PBXFileReference; lastKnownFileType = sourcecode.swift; path = User.swift; sourceTree = "<group>"; };
		44441DF722BBBEE4005960B6 /* CardViewModel.swift */ = {isa = PBXFileReference; lastKnownFileType = sourcecode.swift; path = CardViewModel.swift; sourceTree = "<group>"; };
		44441DF922BBD89A005960B6 /* Advertiser.swift */ = {isa = PBXFileReference; lastKnownFileType = sourcecode.swift; path = Advertiser.swift; sourceTree = "<group>"; };
		44441DFB22BCCB54005960B6 /* RegistrationController.swift */ = {isa = PBXFileReference; lastKnownFileType = sourcecode.swift; path = RegistrationController.swift; sourceTree = "<group>"; };
		44441DFD22BCD697005960B6 /* CustomTextField.swift */ = {isa = PBXFileReference; lastKnownFileType = sourcecode.swift; path = CustomTextField.swift; sourceTree = "<group>"; };
		44441DFF22BD3B6D005960B6 /* RegistrationViewModel.swift */ = {isa = PBXFileReference; lastKnownFileType = sourcecode.swift; path = RegistrationViewModel.swift; sourceTree = "<group>"; };
		4460C40522C740380042AC61 /* AgeRangeCell.swift */ = {isa = PBXFileReference; lastKnownFileType = sourcecode.swift; path = AgeRangeCell.swift; sourceTree = "<group>"; };
		4460C40722C78B920042AC61 /* Firebase+Utils.swift */ = {isa = PBXFileReference; lastKnownFileType = sourcecode.swift; path = "Firebase+Utils.swift"; sourceTree = "<group>"; };
		4460C40B22C7936A0042AC61 /* LoginViewModel.swift */ = {isa = PBXFileReference; fileEncoding = 4; lastKnownFileType = sourcecode.swift; path = LoginViewModel.swift; sourceTree = "<group>"; };
		4460C40C22C7936A0042AC61 /* LoginController.swift */ = {isa = PBXFileReference; fileEncoding = 4; lastKnownFileType = sourcecode.swift; path = LoginController.swift; sourceTree = "<group>"; };
		4460C41022C7BC810042AC61 /* UserDetailsController.swift */ = {isa = PBXFileReference; lastKnownFileType = sourcecode.swift; path = UserDetailsController.swift; sourceTree = "<group>"; };
		447FEBCD22BE000B00CD2A4E /* Bindable.swift */ = {isa = PBXFileReference; lastKnownFileType = sourcecode.swift; path = Bindable.swift; sourceTree = "<group>"; };
		447FEBCF22BF83C700CD2A4E /* GoogleService-Info.plist */ = {isa = PBXFileReference; fileEncoding = 4; lastKnownFileType = text.plist.xml; path = "GoogleService-Info.plist"; sourceTree = SOURCE_ROOT; };
		447FEBD122BF84C900CD2A4E /* SettingsController.swift */ = {isa = PBXFileReference; lastKnownFileType = sourcecode.swift; path = SettingsController.swift; sourceTree = "<group>"; };
		44CD993322C2128400620E6D /* SettingsCell.swift */ = {isa = PBXFileReference; lastKnownFileType = sourcecode.swift; path = SettingsCell.swift; sourceTree = "<group>"; };
		6100D70E141FFF9E4B5FA792 /* Pods-SwipeMatchFirestoreTests.debug.xcconfig */ = {isa = PBXFileReference; includeInIndex = 1; lastKnownFileType = text.xcconfig; name = "Pods-SwipeMatchFirestoreTests.debug.xcconfig"; path = "Target Support Files/Pods-SwipeMatchFirestoreTests/Pods-SwipeMatchFirestoreTests.debug.xcconfig"; sourceTree = "<group>"; };
		692FCAB99FDE7720A599722A /* Pods-SwipeMatchFirestoreUITests.release.xcconfig */ = {isa = PBXFileReference; includeInIndex = 1; lastKnownFileType = text.xcconfig; name = "Pods-SwipeMatchFirestoreUITests.release.xcconfig"; path = "Target Support Files/Pods-SwipeMatchFirestoreUITests/Pods-SwipeMatchFirestoreUITests.release.xcconfig"; sourceTree = "<group>"; };
		866A0FC257B5A30500156EFA /* Pods-SwipeMatchFirestoreUITests.debug.xcconfig */ = {isa = PBXFileReference; includeInIndex = 1; lastKnownFileType = text.xcconfig; name = "Pods-SwipeMatchFirestoreUITests.debug.xcconfig"; path = "Target Support Files/Pods-SwipeMatchFirestoreUITests/Pods-SwipeMatchFirestoreUITests.debug.xcconfig"; sourceTree = "<group>"; };
		8CB20C92D9ADF9D04E6DAE08 /* Pods-SwipeMatchFirestore.release.xcconfig */ = {isa = PBXFileReference; includeInIndex = 1; lastKnownFileType = text.xcconfig; name = "Pods-SwipeMatchFirestore.release.xcconfig"; path = "Target Support Files/Pods-SwipeMatchFirestore/Pods-SwipeMatchFirestore.release.xcconfig"; sourceTree = "<group>"; };
		A72C6B145372D6642082E22F /* Pods-SwipeMatchFirestoreTests.release.xcconfig */ = {isa = PBXFileReference; includeInIndex = 1; lastKnownFileType = text.xcconfig; name = "Pods-SwipeMatchFirestoreTests.release.xcconfig"; path = "Target Support Files/Pods-SwipeMatchFirestoreTests/Pods-SwipeMatchFirestoreTests.release.xcconfig"; sourceTree = "<group>"; };
		AF6BED6846BFCBF509DECED9 /* Pods-SwipeMatchFirestore.debug.xcconfig */ = {isa = PBXFileReference; includeInIndex = 1; lastKnownFileType = text.xcconfig; name = "Pods-SwipeMatchFirestore.debug.xcconfig"; path = "Target Support Files/Pods-SwipeMatchFirestore/Pods-SwipeMatchFirestore.debug.xcconfig"; sourceTree = "<group>"; };
/* End PBXFileReference section */

/* Begin PBXFrameworksBuildPhase section */
		44441DB122BA790A005960B6 /* Frameworks */ = {
			isa = PBXFrameworksBuildPhase;
			buildActionMask = 2147483647;
			files = (
				0488F54FB7F718A6CD458AAE /* Pods_SwipeMatchFirestore.framework in Frameworks */,
			);
			runOnlyForDeploymentPostprocessing = 0;
		};
		44441DC522BA790B005960B6 /* Frameworks */ = {
			isa = PBXFrameworksBuildPhase;
			buildActionMask = 2147483647;
			files = (
				5B2F8160EBE208D9A87D9B94 /* Pods_SwipeMatchFirestoreTests.framework in Frameworks */,
			);
			runOnlyForDeploymentPostprocessing = 0;
		};
		44441DD022BA790B005960B6 /* Frameworks */ = {
			isa = PBXFrameworksBuildPhase;
			buildActionMask = 2147483647;
			files = (
				181053AB46E7ABA4DF5C4F7A /* Pods_SwipeMatchFirestoreUITests.framework in Frameworks */,
			);
			runOnlyForDeploymentPostprocessing = 0;
		};
/* End PBXFrameworksBuildPhase section */

/* Begin PBXGroup section */
		44441DAB22BA790A005960B6 = {
			isa = PBXGroup;
			children = (
				44441DB622BA790A005960B6 /* SwipeMatchFirestore */,
				44441DCB22BA790B005960B6 /* SwipeMatchFirestoreTests */,
				44441DD622BA790B005960B6 /* SwipeMatchFirestoreUITests */,
				44441DB522BA790A005960B6 /* Products */,
				F26410BD7EE220CC05FE026F /* Pods */,
				CE20A58A07E70C58DE1DB3A0 /* Frameworks */,
			);
			sourceTree = "<group>";
		};
		44441DB522BA790A005960B6 /* Products */ = {
			isa = PBXGroup;
			children = (
				44441DB422BA790A005960B6 /* SwipeMatchFirestore.app */,
				44441DC822BA790B005960B6 /* SwipeMatchFirestoreTests.xctest */,
				44441DD322BA790B005960B6 /* SwipeMatchFirestoreUITests.xctest */,
			);
			name = Products;
			sourceTree = "<group>";
		};
		44441DB622BA790A005960B6 /* SwipeMatchFirestore */ = {
			isa = PBXGroup;
			children = (
				44441DF622BBBEBA005960B6 /* ViewModels */,
				44441DF122BB8F54005960B6 /* Model */,
				44441DE822BA84DF005960B6 /* Views */,
				44441DF422BBBD94005960B6 /* Controllers */,
				44441DE522BA7CE1005960B6 /* Extensions */,
				44441DB722BA790A005960B6 /* AppDelegate.swift */,
				44441DBB22BA790A005960B6 /* Main.storyboard */,
				44441DBE22BA790B005960B6 /* Assets.xcassets */,
				44441DC022BA790B005960B6 /* LaunchScreen.storyboard */,
				44441DC322BA790B005960B6 /* Info.plist */,
				447FEBCF22BF83C700CD2A4E /* GoogleService-Info.plist */,
			);
			path = SwipeMatchFirestore;
			sourceTree = "<group>";
		};
		44441DCB22BA790B005960B6 /* SwipeMatchFirestoreTests */ = {
			isa = PBXGroup;
			children = (
				44441DCC22BA790B005960B6 /* SwipeMatchFirestoreTests.swift */,
				44441DCE22BA790B005960B6 /* Info.plist */,
			);
			path = SwipeMatchFirestoreTests;
			sourceTree = "<group>";
		};
		44441DD622BA790B005960B6 /* SwipeMatchFirestoreUITests */ = {
			isa = PBXGroup;
			children = (
				44441DD722BA790B005960B6 /* SwipeMatchFirestoreUITests.swift */,
				44441DD922BA790B005960B6 /* Info.plist */,
			);
			path = SwipeMatchFirestoreUITests;
			sourceTree = "<group>";
		};
		44441DE522BA7CE1005960B6 /* Extensions */ = {
			isa = PBXGroup;
			children = (
				44441DE622BA7DBF005960B6 /* Extensions+UIView.swift */,
				4460C40722C78B920042AC61 /* Firebase+Utils.swift */,
			);
			path = Extensions;
			sourceTree = "<group>";
		};
		44441DE822BA84DF005960B6 /* Views */ = {
			isa = PBXGroup;
			children = (
				44441DEB22BA8599005960B6 /* HomeBottomControlsStackView.swift */,
				44441DED22BA8BDC005960B6 /* TopNavigationStackView.swift */,
				44441DEF22BA9A2D005960B6 /* CardView.swift */,
				44441DFD22BCD697005960B6 /* CustomTextField.swift */,
				44CD993322C2128400620E6D /* SettingsCell.swift */,
				4460C40522C740380042AC61 /* AgeRangeCell.swift */,
			);
			path = Views;
			sourceTree = "<group>";
		};
		44441DF122BB8F54005960B6 /* Model */ = {
			isa = PBXGroup;
			children = (
				44441DF222BB8F8F005960B6 /* User.swift */,
				44441DF922BBD89A005960B6 /* Advertiser.swift */,
			);
			path = Model;
			sourceTree = "<group>";
		};
		44441DF422BBBD94005960B6 /* Controllers */ = {
			isa = PBXGroup;
			children = (
				4460C40F22C7BC470042AC61 /* User Details */,
				4460C40A22C793130042AC61 /* Login */,
				44441DB922BA790A005960B6 /* HomeController.swift */,
				44441DFB22BCCB54005960B6 /* RegistrationController.swift */,
				44441DFF22BD3B6D005960B6 /* RegistrationViewModel.swift */,
				447FEBCD22BE000B00CD2A4E /* Bindable.swift */,
				447FEBD122BF84C900CD2A4E /* SettingsController.swift */,
			);
			path = Controllers;
			sourceTree = "<group>";
		};
		44441DF622BBBEBA005960B6 /* ViewModels */ = {
			isa = PBXGroup;
			children = (
				44441DF722BBBEE4005960B6 /* CardViewModel.swift */,
			);
			path = ViewModels;
			sourceTree = "<group>";
		};
		4460C40A22C793130042AC61 /* Login */ = {
			isa = PBXGroup;
			children = (
				4460C40C22C7936A0042AC61 /* LoginController.swift */,
				4460C40B22C7936A0042AC61 /* LoginViewModel.swift */,
			);
			path = Login;
			sourceTree = "<group>";
		};
		4460C40F22C7BC470042AC61 /* User Details */ = {
			isa = PBXGroup;
			children = (
				4460C41022C7BC810042AC61 /* UserDetailsController.swift */,
			);
			path = "User Details";
			sourceTree = "<group>";
		};
		CE20A58A07E70C58DE1DB3A0 /* Frameworks */ = {
			isa = PBXGroup;
			children = (
				3EE0F3FE48BE086B3DE6B064 /* Pods_SwipeMatchFirestore.framework */,
				2AE54B90912240A8FE99287F /* Pods_SwipeMatchFirestoreTests.framework */,
				0715015DFFEEF46FF8559ECF /* Pods_SwipeMatchFirestoreUITests.framework */,
			);
			name = Frameworks;
			sourceTree = "<group>";
		};
		F26410BD7EE220CC05FE026F /* Pods */ = {
			isa = PBXGroup;
			children = (
				AF6BED6846BFCBF509DECED9 /* Pods-SwipeMatchFirestore.debug.xcconfig */,
				8CB20C92D9ADF9D04E6DAE08 /* Pods-SwipeMatchFirestore.release.xcconfig */,
				6100D70E141FFF9E4B5FA792 /* Pods-SwipeMatchFirestoreTests.debug.xcconfig */,
				A72C6B145372D6642082E22F /* Pods-SwipeMatchFirestoreTests.release.xcconfig */,
				866A0FC257B5A30500156EFA /* Pods-SwipeMatchFirestoreUITests.debug.xcconfig */,
				692FCAB99FDE7720A599722A /* Pods-SwipeMatchFirestoreUITests.release.xcconfig */,
			);
			path = Pods;
			sourceTree = "<group>";
		};
/* End PBXGroup section */

/* Begin PBXNativeTarget section */
		44441DB322BA790A005960B6 /* SwipeMatchFirestore */ = {
			isa = PBXNativeTarget;
			buildConfigurationList = 44441DDC22BA790B005960B6 /* Build configuration list for PBXNativeTarget "SwipeMatchFirestore" */;
			buildPhases = (
				B1418768D56C8C7473658009 /* [CP] Check Pods Manifest.lock */,
				44441DB022BA790A005960B6 /* Sources */,
				44441DB122BA790A005960B6 /* Frameworks */,
				44441DB222BA790A005960B6 /* Resources */,
				4AF0B645FC064CC6C5847B81 /* [CP] Embed Pods Frameworks */,
			);
			buildRules = (
			);
			dependencies = (
			);
			name = SwipeMatchFirestore;
			productName = SwipeMatchFirestore;
			productReference = 44441DB422BA790A005960B6 /* SwipeMatchFirestore.app */;
			productType = "com.apple.product-type.application";
		};
		44441DC722BA790B005960B6 /* SwipeMatchFirestoreTests */ = {
			isa = PBXNativeTarget;
			buildConfigurationList = 44441DDF22BA790B005960B6 /* Build configuration list for PBXNativeTarget "SwipeMatchFirestoreTests" */;
			buildPhases = (
				4A5B84813C73193749A388DD /* [CP] Check Pods Manifest.lock */,
				44441DC422BA790B005960B6 /* Sources */,
				44441DC522BA790B005960B6 /* Frameworks */,
				44441DC622BA790B005960B6 /* Resources */,
			);
			buildRules = (
			);
			dependencies = (
				44441DCA22BA790B005960B6 /* PBXTargetDependency */,
			);
			name = SwipeMatchFirestoreTests;
			productName = SwipeMatchFirestoreTests;
			productReference = 44441DC822BA790B005960B6 /* SwipeMatchFirestoreTests.xctest */;
			productType = "com.apple.product-type.bundle.unit-test";
		};
		44441DD222BA790B005960B6 /* SwipeMatchFirestoreUITests */ = {
			isa = PBXNativeTarget;
			buildConfigurationList = 44441DE222BA790B005960B6 /* Build configuration list for PBXNativeTarget "SwipeMatchFirestoreUITests" */;
			buildPhases = (
				B6D12356D761F801CF516525 /* [CP] Check Pods Manifest.lock */,
				44441DCF22BA790B005960B6 /* Sources */,
				44441DD022BA790B005960B6 /* Frameworks */,
				44441DD122BA790B005960B6 /* Resources */,
			);
			buildRules = (
			);
			dependencies = (
				44441DD522BA790B005960B6 /* PBXTargetDependency */,
			);
			name = SwipeMatchFirestoreUITests;
			productName = SwipeMatchFirestoreUITests;
			productReference = 44441DD322BA790B005960B6 /* SwipeMatchFirestoreUITests.xctest */;
			productType = "com.apple.product-type.bundle.ui-testing";
		};
/* End PBXNativeTarget section */

/* Begin PBXProject section */
		44441DAC22BA790A005960B6 /* Project object */ = {
			isa = PBXProject;
			attributes = {
				LastSwiftUpdateCheck = 1020;
				LastUpgradeCheck = 1020;
				ORGANIZATIONNAME = "小森 将大";
				TargetAttributes = {
					44441DB322BA790A005960B6 = {
						CreatedOnToolsVersion = 10.2.1;
					};
					44441DC722BA790B005960B6 = {
						CreatedOnToolsVersion = 10.2.1;
						TestTargetID = 44441DB322BA790A005960B6;
					};
					44441DD222BA790B005960B6 = {
						CreatedOnToolsVersion = 10.2.1;
						TestTargetID = 44441DB322BA790A005960B6;
					};
				};
			};
			buildConfigurationList = 44441DAF22BA790A005960B6 /* Build configuration list for PBXProject "SwipeMatchFirestore" */;
			compatibilityVersion = "Xcode 9.3";
			developmentRegion = en;
			hasScannedForEncodings = 0;
			knownRegions = (
				en,
				Base,
			);
			mainGroup = 44441DAB22BA790A005960B6;
			productRefGroup = 44441DB522BA790A005960B6 /* Products */;
			projectDirPath = "";
			projectRoot = "";
			targets = (
				44441DB322BA790A005960B6 /* SwipeMatchFirestore */,
				44441DC722BA790B005960B6 /* SwipeMatchFirestoreTests */,
				44441DD222BA790B005960B6 /* SwipeMatchFirestoreUITests */,
			);
		};
/* End PBXProject section */

/* Begin PBXResourcesBuildPhase section */
		44441DB222BA790A005960B6 /* Resources */ = {
			isa = PBXResourcesBuildPhase;
			buildActionMask = 2147483647;
			files = (
				44441DC222BA790B005960B6 /* LaunchScreen.storyboard in Resources */,
				447FEBD022BF83C700CD2A4E /* GoogleService-Info.plist in Resources */,
				44441DBF22BA790B005960B6 /* Assets.xcassets in Resources */,
				44441DBD22BA790A005960B6 /* Main.storyboard in Resources */,
			);
			runOnlyForDeploymentPostprocessing = 0;
		};
		44441DC622BA790B005960B6 /* Resources */ = {
			isa = PBXResourcesBuildPhase;
			buildActionMask = 2147483647;
			files = (
			);
			runOnlyForDeploymentPostprocessing = 0;
		};
		44441DD122BA790B005960B6 /* Resources */ = {
			isa = PBXResourcesBuildPhase;
			buildActionMask = 2147483647;
			files = (
			);
			runOnlyForDeploymentPostprocessing = 0;
		};
/* End PBXResourcesBuildPhase section */

/* Begin PBXShellScriptBuildPhase section */
		4A5B84813C73193749A388DD /* [CP] Check Pods Manifest.lock */ = {
			isa = PBXShellScriptBuildPhase;
			buildActionMask = 2147483647;
			files = (
			);
			inputFileListPaths = (
			);
			inputPaths = (
				"${PODS_PODFILE_DIR_PATH}/Podfile.lock",
				"${PODS_ROOT}/Manifest.lock",
			);
			name = "[CP] Check Pods Manifest.lock";
			outputFileListPaths = (
			);
			outputPaths = (
				"$(DERIVED_FILE_DIR)/Pods-SwipeMatchFirestoreTests-checkManifestLockResult.txt",
			);
			runOnlyForDeploymentPostprocessing = 0;
			shellPath = /bin/sh;
			shellScript = "diff \"${PODS_PODFILE_DIR_PATH}/Podfile.lock\" \"${PODS_ROOT}/Manifest.lock\" > /dev/null\nif [ $? != 0 ] ; then\n    # print error to STDERR\n    echo \"error: The sandbox is not in sync with the Podfile.lock. Run 'pod install' or update your CocoaPods installation.\" >&2\n    exit 1\nfi\n# This output is used by Xcode 'outputs' to avoid re-running this script phase.\necho \"SUCCESS\" > \"${SCRIPT_OUTPUT_FILE_0}\"\n";
			showEnvVarsInLog = 0;
		};
		4AF0B645FC064CC6C5847B81 /* [CP] Embed Pods Frameworks */ = {
			isa = PBXShellScriptBuildPhase;
			buildActionMask = 2147483647;
			files = (
			);
			inputFileListPaths = (
				"${PODS_ROOT}/Target Support Files/Pods-SwipeMatchFirestore/Pods-SwipeMatchFirestore-frameworks-${CONFIGURATION}-input-files.xcfilelist",
			);
			name = "[CP] Embed Pods Frameworks";
			outputFileListPaths = (
				"${PODS_ROOT}/Target Support Files/Pods-SwipeMatchFirestore/Pods-SwipeMatchFirestore-frameworks-${CONFIGURATION}-output-files.xcfilelist",
			);
			runOnlyForDeploymentPostprocessing = 0;
			shellPath = /bin/sh;
			shellScript = "\"${PODS_ROOT}/Target Support Files/Pods-SwipeMatchFirestore/Pods-SwipeMatchFirestore-frameworks.sh\"\n";
			showEnvVarsInLog = 0;
		};
		B1418768D56C8C7473658009 /* [CP] Check Pods Manifest.lock */ = {
			isa = PBXShellScriptBuildPhase;
			buildActionMask = 2147483647;
			files = (
			);
			inputFileListPaths = (
			);
			inputPaths = (
				"${PODS_PODFILE_DIR_PATH}/Podfile.lock",
				"${PODS_ROOT}/Manifest.lock",
			);
			name = "[CP] Check Pods Manifest.lock";
			outputFileListPaths = (
			);
			outputPaths = (
				"$(DERIVED_FILE_DIR)/Pods-SwipeMatchFirestore-checkManifestLockResult.txt",
			);
			runOnlyForDeploymentPostprocessing = 0;
			shellPath = /bin/sh;
			shellScript = "diff \"${PODS_PODFILE_DIR_PATH}/Podfile.lock\" \"${PODS_ROOT}/Manifest.lock\" > /dev/null\nif [ $? != 0 ] ; then\n    # print error to STDERR\n    echo \"error: The sandbox is not in sync with the Podfile.lock. Run 'pod install' or update your CocoaPods installation.\" >&2\n    exit 1\nfi\n# This output is used by Xcode 'outputs' to avoid re-running this script phase.\necho \"SUCCESS\" > \"${SCRIPT_OUTPUT_FILE_0}\"\n";
			showEnvVarsInLog = 0;
		};
		B6D12356D761F801CF516525 /* [CP] Check Pods Manifest.lock */ = {
			isa = PBXShellScriptBuildPhase;
			buildActionMask = 2147483647;
			files = (
			);
			inputFileListPaths = (
			);
			inputPaths = (
				"${PODS_PODFILE_DIR_PATH}/Podfile.lock",
				"${PODS_ROOT}/Manifest.lock",
			);
			name = "[CP] Check Pods Manifest.lock";
			outputFileListPaths = (
			);
			outputPaths = (
				"$(DERIVED_FILE_DIR)/Pods-SwipeMatchFirestoreUITests-checkManifestLockResult.txt",
			);
			runOnlyForDeploymentPostprocessing = 0;
			shellPath = /bin/sh;
			shellScript = "diff \"${PODS_PODFILE_DIR_PATH}/Podfile.lock\" \"${PODS_ROOT}/Manifest.lock\" > /dev/null\nif [ $? != 0 ] ; then\n    # print error to STDERR\n    echo \"error: The sandbox is not in sync with the Podfile.lock. Run 'pod install' or update your CocoaPods installation.\" >&2\n    exit 1\nfi\n# This output is used by Xcode 'outputs' to avoid re-running this script phase.\necho \"SUCCESS\" > \"${SCRIPT_OUTPUT_FILE_0}\"\n";
			showEnvVarsInLog = 0;
		};
/* End PBXShellScriptBuildPhase section */

/* Begin PBXSourcesBuildPhase section */
		44441DB022BA790A005960B6 /* Sources */ = {
			isa = PBXSourcesBuildPhase;
			buildActionMask = 2147483647;
			files = (
				4460C40E22C7936A0042AC61 /* LoginController.swift in Sources */,
				447FEBCE22BE000B00CD2A4E /* Bindable.swift in Sources */,
				44441DBA22BA790A005960B6 /* HomeController.swift in Sources */,
				44441E0022BD3B6D005960B6 /* RegistrationViewModel.swift in Sources */,
				44441DFE22BCD697005960B6 /* CustomTextField.swift in Sources */,
				44441DEC22BA8599005960B6 /* HomeBottomControlsStackView.swift in Sources */,
				44441DFA22BBD89A005960B6 /* Advertiser.swift in Sources */,
				4460C41122C7BC810042AC61 /* UserDetailsController.swift in Sources */,
				44441DB822BA790A005960B6 /* AppDelegate.swift in Sources */,
				4460C40622C740380042AC61 /* AgeRangeCell.swift in Sources */,
				4460C40D22C7936A0042AC61 /* LoginViewModel.swift in Sources */,
				44441DE722BA7DBF005960B6 /* Extensions+UIView.swift in Sources */,
				4460C40822C78B920042AC61 /* Firebase+Utils.swift in Sources */,
				44441DF822BBBEE4005960B6 /* CardViewModel.swift in Sources */,
				44441DF022BA9A2D005960B6 /* CardView.swift in Sources */,
				447FEBD222BF84C900CD2A4E /* SettingsController.swift in Sources */,
				44441DEE22BA8BDC005960B6 /* TopNavigationStackView.swift in Sources */,
				44441DFC22BCCB54005960B6 /* RegistrationController.swift in Sources */,
				44441DF322BB8F8F005960B6 /* User.swift in Sources */,
				44CD993422C2128400620E6D /* SettingsCell.swift in Sources */,
			);
			runOnlyForDeploymentPostprocessing = 0;
		};
		44441DC422BA790B005960B6 /* Sources */ = {
			isa = PBXSourcesBuildPhase;
			buildActionMask = 2147483647;
			files = (
				44441DCD22BA790B005960B6 /* SwipeMatchFirestoreTests.swift in Sources */,
			);
			runOnlyForDeploymentPostprocessing = 0;
		};
		44441DCF22BA790B005960B6 /* Sources */ = {
			isa = PBXSourcesBuildPhase;
			buildActionMask = 2147483647;
			files = (
				44441DD822BA790B005960B6 /* SwipeMatchFirestoreUITests.swift in Sources */,
			);
			runOnlyForDeploymentPostprocessing = 0;
		};
/* End PBXSourcesBuildPhase section */

/* Begin PBXTargetDependency section */
		44441DCA22BA790B005960B6 /* PBXTargetDependency */ = {
			isa = PBXTargetDependency;
			target = 44441DB322BA790A005960B6 /* SwipeMatchFirestore */;
			targetProxy = 44441DC922BA790B005960B6 /* PBXContainerItemProxy */;
		};
		44441DD522BA790B005960B6 /* PBXTargetDependency */ = {
			isa = PBXTargetDependency;
			target = 44441DB322BA790A005960B6 /* SwipeMatchFirestore */;
			targetProxy = 44441DD422BA790B005960B6 /* PBXContainerItemProxy */;
		};
/* End PBXTargetDependency section */

/* Begin PBXVariantGroup section */
		44441DBB22BA790A005960B6 /* Main.storyboard */ = {
			isa = PBXVariantGroup;
			children = (
				44441DBC22BA790A005960B6 /* Base */,
			);
			name = Main.storyboard;
			sourceTree = "<group>";
		};
		44441DC022BA790B005960B6 /* LaunchScreen.storyboard */ = {
			isa = PBXVariantGroup;
			children = (
				44441DC122BA790B005960B6 /* Base */,
			);
			name = LaunchScreen.storyboard;
			sourceTree = "<group>";
		};
/* End PBXVariantGroup section */

/* Begin XCBuildConfiguration section */
		44441DDA22BA790B005960B6 /* Debug */ = {
			isa = XCBuildConfiguration;
			buildSettings = {
				ALWAYS_SEARCH_USER_PATHS = NO;
				CLANG_ANALYZER_NONNULL = YES;
				CLANG_ANALYZER_NUMBER_OBJECT_CONVERSION = YES_AGGRESSIVE;
				CLANG_CXX_LANGUAGE_STANDARD = "gnu++14";
				CLANG_CXX_LIBRARY = "libc++";
				CLANG_ENABLE_MODULES = YES;
				CLANG_ENABLE_OBJC_ARC = YES;
				CLANG_ENABLE_OBJC_WEAK = YES;
				CLANG_WARN_BLOCK_CAPTURE_AUTORELEASING = YES;
				CLANG_WARN_BOOL_CONVERSION = YES;
				CLANG_WARN_COMMA = YES;
				CLANG_WARN_CONSTANT_CONVERSION = YES;
				CLANG_WARN_DEPRECATED_OBJC_IMPLEMENTATIONS = YES;
				CLANG_WARN_DIRECT_OBJC_ISA_USAGE = YES_ERROR;
				CLANG_WARN_DOCUMENTATION_COMMENTS = YES;
				CLANG_WARN_EMPTY_BODY = YES;
				CLANG_WARN_ENUM_CONVERSION = YES;
				CLANG_WARN_INFINITE_RECURSION = YES;
				CLANG_WARN_INT_CONVERSION = YES;
				CLANG_WARN_NON_LITERAL_NULL_CONVERSION = YES;
				CLANG_WARN_OBJC_IMPLICIT_RETAIN_SELF = YES;
				CLANG_WARN_OBJC_LITERAL_CONVERSION = YES;
				CLANG_WARN_OBJC_ROOT_CLASS = YES_ERROR;
				CLANG_WARN_RANGE_LOOP_ANALYSIS = YES;
				CLANG_WARN_STRICT_PROTOTYPES = YES;
				CLANG_WARN_SUSPICIOUS_MOVE = YES;
				CLANG_WARN_UNGUARDED_AVAILABILITY = YES_AGGRESSIVE;
				CLANG_WARN_UNREACHABLE_CODE = YES;
				CLANG_WARN__DUPLICATE_METHOD_MATCH = YES;
				CODE_SIGN_IDENTITY = "iPhone Developer";
				COPY_PHASE_STRIP = NO;
				DEBUG_INFORMATION_FORMAT = dwarf;
				ENABLE_STRICT_OBJC_MSGSEND = YES;
				ENABLE_TESTABILITY = YES;
				GCC_C_LANGUAGE_STANDARD = gnu11;
				GCC_DYNAMIC_NO_PIC = NO;
				GCC_NO_COMMON_BLOCKS = YES;
				GCC_OPTIMIZATION_LEVEL = 0;
				GCC_PREPROCESSOR_DEFINITIONS = (
					"DEBUG=1",
					"$(inherited)",
				);
				GCC_WARN_64_TO_32_BIT_CONVERSION = YES;
				GCC_WARN_ABOUT_RETURN_TYPE = YES_ERROR;
				GCC_WARN_UNDECLARED_SELECTOR = YES;
				GCC_WARN_UNINITIALIZED_AUTOS = YES_AGGRESSIVE;
				GCC_WARN_UNUSED_FUNCTION = YES;
				GCC_WARN_UNUSED_VARIABLE = YES;
				IPHONEOS_DEPLOYMENT_TARGET = 12.2;
				MTL_ENABLE_DEBUG_INFO = INCLUDE_SOURCE;
				MTL_FAST_MATH = YES;
				ONLY_ACTIVE_ARCH = YES;
				SDKROOT = iphoneos;
				SWIFT_ACTIVE_COMPILATION_CONDITIONS = DEBUG;
				SWIFT_OPTIMIZATION_LEVEL = "-Onone";
			};
			name = Debug;
		};
		44441DDB22BA790B005960B6 /* Release */ = {
			isa = XCBuildConfiguration;
			buildSettings = {
				ALWAYS_SEARCH_USER_PATHS = NO;
				CLANG_ANALYZER_NONNULL = YES;
				CLANG_ANALYZER_NUMBER_OBJECT_CONVERSION = YES_AGGRESSIVE;
				CLANG_CXX_LANGUAGE_STANDARD = "gnu++14";
				CLANG_CXX_LIBRARY = "libc++";
				CLANG_ENABLE_MODULES = YES;
				CLANG_ENABLE_OBJC_ARC = YES;
				CLANG_ENABLE_OBJC_WEAK = YES;
				CLANG_WARN_BLOCK_CAPTURE_AUTORELEASING = YES;
				CLANG_WARN_BOOL_CONVERSION = YES;
				CLANG_WARN_COMMA = YES;
				CLANG_WARN_CONSTANT_CONVERSION = YES;
				CLANG_WARN_DEPRECATED_OBJC_IMPLEMENTATIONS = YES;
				CLANG_WARN_DIRECT_OBJC_ISA_USAGE = YES_ERROR;
				CLANG_WARN_DOCUMENTATION_COMMENTS = YES;
				CLANG_WARN_EMPTY_BODY = YES;
				CLANG_WARN_ENUM_CONVERSION = YES;
				CLANG_WARN_INFINITE_RECURSION = YES;
				CLANG_WARN_INT_CONVERSION = YES;
				CLANG_WARN_NON_LITERAL_NULL_CONVERSION = YES;
				CLANG_WARN_OBJC_IMPLICIT_RETAIN_SELF = YES;
				CLANG_WARN_OBJC_LITERAL_CONVERSION = YES;
				CLANG_WARN_OBJC_ROOT_CLASS = YES_ERROR;
				CLANG_WARN_RANGE_LOOP_ANALYSIS = YES;
				CLANG_WARN_STRICT_PROTOTYPES = YES;
				CLANG_WARN_SUSPICIOUS_MOVE = YES;
				CLANG_WARN_UNGUARDED_AVAILABILITY = YES_AGGRESSIVE;
				CLANG_WARN_UNREACHABLE_CODE = YES;
				CLANG_WARN__DUPLICATE_METHOD_MATCH = YES;
				CODE_SIGN_IDENTITY = "iPhone Developer";
				COPY_PHASE_STRIP = NO;
				DEBUG_INFORMATION_FORMAT = "dwarf-with-dsym";
				ENABLE_NS_ASSERTIONS = NO;
				ENABLE_STRICT_OBJC_MSGSEND = YES;
				GCC_C_LANGUAGE_STANDARD = gnu11;
				GCC_NO_COMMON_BLOCKS = YES;
				GCC_WARN_64_TO_32_BIT_CONVERSION = YES;
				GCC_WARN_ABOUT_RETURN_TYPE = YES_ERROR;
				GCC_WARN_UNDECLARED_SELECTOR = YES;
				GCC_WARN_UNINITIALIZED_AUTOS = YES_AGGRESSIVE;
				GCC_WARN_UNUSED_FUNCTION = YES;
				GCC_WARN_UNUSED_VARIABLE = YES;
				IPHONEOS_DEPLOYMENT_TARGET = 12.2;
				MTL_ENABLE_DEBUG_INFO = NO;
				MTL_FAST_MATH = YES;
				SDKROOT = iphoneos;
				SWIFT_COMPILATION_MODE = wholemodule;
				SWIFT_OPTIMIZATION_LEVEL = "-O";
				VALIDATE_PRODUCT = YES;
			};
			name = Release;
		};
		44441DDD22BA790B005960B6 /* Debug */ = {
			isa = XCBuildConfiguration;
			baseConfigurationReference = AF6BED6846BFCBF509DECED9 /* Pods-SwipeMatchFirestore.debug.xcconfig */;
			buildSettings = {
				ASSETCATALOG_COMPILER_APPICON_NAME = AppIcon;
				CODE_SIGN_STYLE = Automatic;
				DEVELOPMENT_TEAM = Z3C96R77P8;
				INFOPLIST_FILE = SwipeMatchFirestore/Info.plist;
				LD_RUNPATH_SEARCH_PATHS = (
					"$(inherited)",
					"@executable_path/Frameworks",
				);
				PRODUCT_BUNDLE_IDENTIFIER = practice.SwipeMatchFirestore;
				PRODUCT_NAME = "$(TARGET_NAME)";
				SWIFT_VERSION = 5.0;
				TARGETED_DEVICE_FAMILY = "1,2";
			};
			name = Debug;
		};
		44441DDE22BA790B005960B6 /* Release */ = {
			isa = XCBuildConfiguration;
			baseConfigurationReference = 8CB20C92D9ADF9D04E6DAE08 /* Pods-SwipeMatchFirestore.release.xcconfig */;
			buildSettings = {
				ASSETCATALOG_COMPILER_APPICON_NAME = AppIcon;
				CODE_SIGN_STYLE = Automatic;
				DEVELOPMENT_TEAM = Z3C96R77P8;
				INFOPLIST_FILE = SwipeMatchFirestore/Info.plist;
				LD_RUNPATH_SEARCH_PATHS = (
					"$(inherited)",
					"@executable_path/Frameworks",
				);
				PRODUCT_BUNDLE_IDENTIFIER = practice.SwipeMatchFirestore;
				PRODUCT_NAME = "$(TARGET_NAME)";
				SWIFT_VERSION = 5.0;
				TARGETED_DEVICE_FAMILY = "1,2";
			};
			name = Release;
		};
		44441DE022BA790B005960B6 /* Debug */ = {
			isa = XCBuildConfiguration;
			baseConfigurationReference = 6100D70E141FFF9E4B5FA792 /* Pods-SwipeMatchFirestoreTests.debug.xcconfig */;
			buildSettings = {
				ALWAYS_EMBED_SWIFT_STANDARD_LIBRARIES = YES;
				BUNDLE_LOADER = "$(TEST_HOST)";
				CODE_SIGN_STYLE = Automatic;
				INFOPLIST_FILE = SwipeMatchFirestoreTests/Info.plist;
				LD_RUNPATH_SEARCH_PATHS = (
					"$(inherited)",
					"@executable_path/Frameworks",
					"@loader_path/Frameworks",
				);
				PRODUCT_BUNDLE_IDENTIFIER = practice.SwipeMatchFirestoreTests;
				PRODUCT_NAME = "$(TARGET_NAME)";
				SWIFT_VERSION = 5.0;
				TARGETED_DEVICE_FAMILY = "1,2";
				TEST_HOST = "$(BUILT_PRODUCTS_DIR)/SwipeMatchFirestore.app/SwipeMatchFirestore";
			};
			name = Debug;
		};
		44441DE122BA790B005960B6 /* Release */ = {
			isa = XCBuildConfiguration;
			baseConfigurationReference = A72C6B145372D6642082E22F /* Pods-SwipeMatchFirestoreTests.release.xcconfig */;
			buildSettings = {
				ALWAYS_EMBED_SWIFT_STANDARD_LIBRARIES = YES;
				BUNDLE_LOADER = "$(TEST_HOST)";
				CODE_SIGN_STYLE = Automatic;
				INFOPLIST_FILE = SwipeMatchFirestoreTests/Info.plist;
				LD_RUNPATH_SEARCH_PATHS = (
					"$(inherited)",
					"@executable_path/Frameworks",
					"@loader_path/Frameworks",
				);
				PRODUCT_BUNDLE_IDENTIFIER = practice.SwipeMatchFirestoreTests;
				PRODUCT_NAME = "$(TARGET_NAME)";
				SWIFT_VERSION = 5.0;
				TARGETED_DEVICE_FAMILY = "1,2";
				TEST_HOST = "$(BUILT_PRODUCTS_DIR)/SwipeMatchFirestore.app/SwipeMatchFirestore";
			};
			name = Release;
		};
		44441DE322BA790B005960B6 /* Debug */ = {
			isa = XCBuildConfiguration;
			baseConfigurationReference = 866A0FC257B5A30500156EFA /* Pods-SwipeMatchFirestoreUITests.debug.xcconfig */;
			buildSettings = {
				ALWAYS_EMBED_SWIFT_STANDARD_LIBRARIES = YES;
				CODE_SIGN_STYLE = Automatic;
				INFOPLIST_FILE = SwipeMatchFirestoreUITests/Info.plist;
				LD_RUNPATH_SEARCH_PATHS = (
					"$(inherited)",
					"@executable_path/Frameworks",
					"@loader_path/Frameworks",
				);
				PRODUCT_BUNDLE_IDENTIFIER = practice.SwipeMatchFirestoreUITests;
				PRODUCT_NAME = "$(TARGET_NAME)";
				SWIFT_VERSION = 5.0;
				TARGETED_DEVICE_FAMILY = "1,2";
				TEST_TARGET_NAME = SwipeMatchFirestore;
			};
			name = Debug;
		};
		44441DE422BA790B005960B6 /* Release */ = {
			isa = XCBuildConfiguration;
			baseConfigurationReference = 692FCAB99FDE7720A599722A /* Pods-SwipeMatchFirestoreUITests.release.xcconfig */;
			buildSettings = {
				ALWAYS_EMBED_SWIFT_STANDARD_LIBRARIES = YES;
				CODE_SIGN_STYLE = Automatic;
				INFOPLIST_FILE = SwipeMatchFirestoreUITests/Info.plist;
				LD_RUNPATH_SEARCH_PATHS = (
					"$(inherited)",
					"@executable_path/Frameworks",
					"@loader_path/Frameworks",
				);
				PRODUCT_BUNDLE_IDENTIFIER = practice.SwipeMatchFirestoreUITests;
				PRODUCT_NAME = "$(TARGET_NAME)";
				SWIFT_VERSION = 5.0;
				TARGETED_DEVICE_FAMILY = "1,2";
				TEST_TARGET_NAME = SwipeMatchFirestore;
			};
			name = Release;
		};
/* End XCBuildConfiguration section */

/* Begin XCConfigurationList section */
		44441DAF22BA790A005960B6 /* Build configuration list for PBXProject "SwipeMatchFirestore" */ = {
			isa = XCConfigurationList;
			buildConfigurations = (
				44441DDA22BA790B005960B6 /* Debug */,
				44441DDB22BA790B005960B6 /* Release */,
			);
			defaultConfigurationIsVisible = 0;
			defaultConfigurationName = Release;
		};
		44441DDC22BA790B005960B6 /* Build configuration list for PBXNativeTarget "SwipeMatchFirestore" */ = {
			isa = XCConfigurationList;
			buildConfigurations = (
				44441DDD22BA790B005960B6 /* Debug */,
				44441DDE22BA790B005960B6 /* Release */,
			);
			defaultConfigurationIsVisible = 0;
			defaultConfigurationName = Release;
		};
		44441DDF22BA790B005960B6 /* Build configuration list for PBXNativeTarget "SwipeMatchFirestoreTests" */ = {
			isa = XCConfigurationList;
			buildConfigurations = (
				44441DE022BA790B005960B6 /* Debug */,
				44441DE122BA790B005960B6 /* Release */,
			);
			defaultConfigurationIsVisible = 0;
			defaultConfigurationName = Release;
		};
		44441DE222BA790B005960B6 /* Build configuration list for PBXNativeTarget "SwipeMatchFirestoreUITests" */ = {
			isa = XCConfigurationList;
			buildConfigurations = (
				44441DE322BA790B005960B6 /* Debug */,
				44441DE422BA790B005960B6 /* Release */,
			);
			defaultConfigurationIsVisible = 0;
			defaultConfigurationName = Release;
		};
/* End XCConfigurationList section */
	};
	rootObject = 44441DAC22BA790A005960B6 /* Project object */;
}
